
Microsoft Visual Studio Solution File, Format Version 12.00
# Visual Studio Version 16
VisualStudioVersion = 16.0.29306.81
MinimumVisualStudioVersion = 10.0.40219.1
Project("{FAE04EC0-301F-11D3-BF4B-00C04F79EFBC}") = "WindowsFormsApp1", "WindowsFormsApp1\WindowsFormsApp1.csproj", "{3808961A-FA98-49F2-B070-52D7F54CB718}"
EndProject
Global
	GlobalSection(SolutionConfigurationPlatforms) = preSolution
		Debug|Any CPU = Debug|Any CPU
		Release|Any CPU = Release|Any CPU
	EndGlobalSection
	GlobalSection(ProjectConfigurationPlatforms) = postSolution
		{3808961A-FA98-49F2-B070-52D7F54CB718}.Debug|Any CPU.ActiveCfg = Debug|Any CPU
		{3808961A-FA98-49F2-B070-52D7F54CB718}.Debug|Any CPU.Build.0 = Debug|Any CPU
		{3808961A-FA98-49F2-B070-52D7F54CB718}.Release|Any CPU.ActiveCfg = Release|Any CPU
		{3808961A-FA98-49F2-B070-52D7F54CB718}.Release|Any CPU.Build.0 = Release|Any CPU
	EndGlobalSection
	GlobalSection(SolutionProperties) = preSolution
		HideSolutionNode = FALSE
	EndGlobalSection
	GlobalSection(ExtensibilityGlobals) = postSolution
		SolutionGuid = {F2E27B1E-140C-4D3E-87C4-03EF2AAA5976}
	EndGlobalSection
EndGlobal
